
Microsoft Visual Studio Solution File, Format Version 12.00
# Visual Studio 15
VisualStudioVersion = 15.0.28307.1231
MinimumVisualStudioVersion = 10.0.40219.1
Project("{FAE04EC0-301F-11D3-BF4B-00C04F79EFBC}") = "Kho_Adamstore", "Kho_Adamstore\Kho_Adamstore.csproj", "{9E972854-E73C-46F9-A2D3-12C7083992EB}"
EndProject
Global
	GlobalSection(SolutionConfigurationPlatforms) = preSolution
		Debug|Any CPU = Debug|Any CPU
		Release|Any CPU = Release|Any CPU
	EndGlobalSection
	GlobalSection(ProjectConfigurationPlatforms) = postSolution
		{9E972854-E73C-46F9-A2D3-12C7083992EB}.Debug|Any CPU.ActiveCfg = Debug|Any CPU
		{9E972854-E73C-46F9-A2D3-12C7083992EB}.Debug|Any CPU.Build.0 = Debug|Any CPU
		{9E972854-E73C-46F9-A2D3-12C7083992EB}.Release|Any CPU.ActiveCfg = Release|Any CPU
		{9E972854-E73C-46F9-A2D3-12C7083992EB}.Release|Any CPU.Build.0 = Release|Any CPU
	EndGlobalSection
	GlobalSection(SolutionProperties) = preSolution
		HideSolutionNode = FALSE
	EndGlobalSection
	GlobalSection(ExtensibilityGlobals) = postSolution
		SolutionGuid = {41D42F0B-A7F3-4B4F-9817-D8CB46789F30}
	EndGlobalSection
EndGlobal
